
Microsoft Visual Studio Solution File, Format Version 12.00
# Visual Studio Version 16
VisualStudioVersion = 16.0.30611.23
MinimumVisualStudioVersion = 10.0.40219.1
Project("{9A19103F-16F7-4668-BE54-9A1E7A4F7556}") = "BillGenerator", "LabAssignment2\BillGenerator.csproj", "{8543BCFF-8ED3-4BCE-9177-2D124F443A28}"
EndProject
Project("{9A19103F-16F7-4668-BE54-9A1E7A4F7556}") = "CustomerData", "CustomerData\CustomerData.csproj", "{A86D7BD7-A5AF-4B42-866B-F2A18EE4210E}"
EndProject
Project("{FAE04EC0-301F-11D3-BF4B-00C04F79EFBC}") = "CustomerDataTests", "CustomerDataTests\CustomerDataTests.csproj", "{EC3FEF34-574C-43FE-BD4D-9121F8D2C34E}"
EndProject
Global
	GlobalSection(SolutionConfigurationPlatforms) = preSolution
		Debug|Any CPU = Debug|Any CPU
		Release|Any CPU = Release|Any CPU
	EndGlobalSection
	GlobalSection(ProjectConfigurationPlatforms) = postSolution
		{8543BCFF-8ED3-4BCE-9177-2D124F443A28}.Debug|Any CPU.ActiveCfg = Debug|Any CPU
		{8543BCFF-8ED3-4BCE-9177-2D124F443A28}.Debug|Any CPU.Build.0 = Debug|Any CPU
		{8543BCFF-8ED3-4BCE-9177-2D124F443A28}.Release|Any CPU.ActiveCfg = Release|Any CPU
		{8543BCFF-8ED3-4BCE-9177-2D124F443A28}.Release|Any CPU.Build.0 = Release|Any CPU
		{A86D7BD7-A5AF-4B42-866B-F2A18EE4210E}.Debug|Any CPU.ActiveCfg = Debug|Any CPU
		{A86D7BD7-A5AF-4B42-866B-F2A18EE4210E}.Debug|Any CPU.Build.0 = Debug|Any CPU
		{A86D7BD7-A5AF-4B42-866B-F2A18EE4210E}.Release|Any CPU.ActiveCfg = Release|Any CPU
		{A86D7BD7-A5AF-4B42-866B-F2A18EE4210E}.Release|Any CPU.Build.0 = Release|Any CPU
		{EC3FEF34-574C-43FE-BD4D-9121F8D2C34E}.Debug|Any CPU.ActiveCfg = Debug|Any CPU
		{EC3FEF34-574C-43FE-BD4D-9121F8D2C34E}.Debug|Any CPU.Build.0 = Debug|Any CPU
		{EC3FEF34-574C-43FE-BD4D-9121F8D2C34E}.Release|Any CPU.ActiveCfg = Release|Any CPU
		{EC3FEF34-574C-43FE-BD4D-9121F8D2C34E}.Release|Any CPU.Build.0 = Release|Any CPU
	EndGlobalSection
	GlobalSection(SolutionProperties) = preSolution
		HideSolutionNode = FALSE
	EndGlobalSection
	GlobalSection(ExtensibilityGlobals) = postSolution
		SolutionGuid = {2B32A768-C488-46CC-AAA5-1A41AB9A1206}
	EndGlobalSection
EndGlobal
